
Microsoft Visual Studio Solution File, Format Version 12.00
# Visual Studio Version 17
VisualStudioVersion = 17.0.31717.71
MinimumVisualStudioVersion = 10.0.40219.1
Project("{FAE04EC0-301F-11D3-BF4B-00C04F79EFBC}") = "Opdracht5Oefening2", "Opdracht5Oefening2.csproj", "{56202A6C-6F4B-4F29-9515-15CE08D30137}"
EndProject
Global
	GlobalSection(SolutionConfigurationPlatforms) = preSolution
		Debug|Any CPU = Debug|Any CPU
		Release|Any CPU = Release|Any CPU
	EndGlobalSection
	GlobalSection(ProjectConfigurationPlatforms) = postSolution
		{56202A6C-6F4B-4F29-9515-15CE08D30137}.Debug|Any CPU.ActiveCfg = Debug|Any CPU
		{56202A6C-6F4B-4F29-9515-15CE08D30137}.Debug|Any CPU.Build.0 = Debug|Any CPU
		{56202A6C-6F4B-4F29-9515-15CE08D30137}.Release|Any CPU.ActiveCfg = Release|Any CPU
		{56202A6C-6F4B-4F29-9515-15CE08D30137}.Release|Any CPU.Build.0 = Release|Any CPU
	EndGlobalSection
	GlobalSection(SolutionProperties) = preSolution
		HideSolutionNode = FALSE
	EndGlobalSection
	GlobalSection(ExtensibilityGlobals) = postSolution
		SolutionGuid = {DE7AA0B5-2CE8-4EE5-8B78-2BFD4FED4911}
	EndGlobalSection
EndGlobal
